// !$*UTF8*$!
{
	archiveVersion = 1;
	classes = {
	};
	objectVersion = 55;
	objects = {

/* Begin PBXBuildFile section */
		5B3BCB132FAD97EA009A2991 /* SmartFarmApp.swift in Sources */ = {isa = PBXBuildFile; fileRef = 5B3BCB122FAD97EA009A2991 /* SmartFarmApp.swift */; };
		5B3BCB172FAD97EC009A2991 /* Assets.xcassets in Resources */ = {isa = PBXBuildFile; fileRef = 5B3BCB162FAD97EC009A2991 /* Assets.xcassets */; };
		5B3BCB1A2FAD97EC009A2991 /* Preview Assets.xcassets in Resources */ = {isa = PBXBuildFile; fileRef = 5B3BCB192FAD97EC009A2991 /* Preview Assets.xcassets */; };
		5B3BCB1C2FAD97EC009A2991 /* Persistence.swift in Sources */ = {isa = PBXBuildFile; fileRef = 5B3BCB1B2FAD97EC009A2991 /* Persistence.swift */; };
		5B3BCB1F2FAD97EC009A2991 /* SmartFarm.xcdatamodeld in Sources */ = {isa = PBXBuildFile; fileRef = 5B3BCB1D2FAD97EC009A2991 /* SmartFarm.xcdatamodeld */; };
		5B3BCB312FAD97EC009A2991 /* FarmViewModel.swift in Sources */ = {isa = PBXBuildFile; fileRef = 5B3BCB2B2FAD97EC009A2991 /* FarmViewModel.swift */; };
		5B3BCB322FAD97EC009A2991 /* MainTabView.swift in Sources */ = {isa = PBXBuildFile; fileRef = 5B3BCB2C2FAD97EC009A2991 /* MainTabView.swift */; };
		5B3BCB332FAD97EC009A2991 /* DashboardView.swift in Sources */ = {isa = PBXBuildFile; fileRef = 5B3BCB2D2FAD97EC009A2991 /* DashboardView.swift */; };
		5B3BCB342FAD97EC009A2991 /* FinanceListView.swift in Sources */ = {isa = PBXBuildFile; fileRef = 5B3BCB2E2FAD97EC009A2991 /* FinanceListView.swift */; };
		5B3BCB352FAD97EC009A2991 /* CalendarTabView.swift in Sources */ = {isa = PBXBuildFile; fileRef = 5B3BCB2F2FAD97EC009A2991 /* CalendarTabView.swift */; };
		5B3BCB362FAD97EC009A2991 /* NotificationManager.swift in Sources */ = {isa = PBXBuildFile; fileRef = 5B3BCB302FAD97EC009A2991 /* NotificationManager.swift */; };
		5B3BCB392FAD97EC009A2991 /* SettingsView.swift in Sources */ = {isa = PBXBuildFile; fileRef = 5B3BCB382FAD97EC009A2991 /* SettingsView.swift */; };
		5B3BCB3B2FAD97EC009A2991 /* MonthlyChartView.swift in Sources */ = {isa = PBXBuildFile; fileRef = 5B3BCB3A2FAD97EC009A2991 /* MonthlyChartView.swift */; };
		5B3BCB3D2FAD97EC009A2991 /* ExportManager.swift in Sources */ = {isa = PBXBuildFile; fileRef = 5B3BCB3C2FAD97EC009A2991 /* ExportManager.swift */; };
		5B3BCB3F2FAD97EC009A2991 /* BackupManager.swift in Sources */ = {isa = PBXBuildFile; fileRef = 5B3BCB3E2FAD97EC009A2991 /* BackupManager.swift */; };
		5B3BCB412FAD97EC009A2991 /* DocumentPicker.swift in Sources */ = {isa = PBXBuildFile; fileRef = 5B3BCB402FAD97EC009A2991 /* DocumentPicker.swift */; };
		5B3BCB442FAD97EC009A2991 /* SplashView.swift in Sources */ = {isa = PBXBuildFile; fileRef = 5B3BCB432FAD97EC009A2991 /* SplashView.swift */; };
		5B3BCB462FAD97EC009A2991 /* OnboardingView.swift in Sources */ = {isa = PBXBuildFile; fileRef = 5B3BCB452FAD97EC009A2991 /* OnboardingView.swift */; };
/* End PBXBuildFile section */

/* Begin PBXFileReference section */
		5B3BCB0F2FAD97EA009A2991 /* SmartFarm.app */ = {isa = PBXFileReference; explicitFileType = wrapper.application; includeInIndex = 0; path = SmartFarm.app; sourceTree = BUILT_PRODUCTS_DIR; };
		5B3BCB122FAD97EA009A2991 /* SmartFarmApp.swift */ = {isa = PBXFileReference; lastKnownFileType = sourcecode.swift; path = SmartFarmApp.swift; sourceTree = "<group>"; };
		5B3BCB162FAD97EC009A2991 /* Assets.xcassets */ = {isa = PBXFileReference; lastKnownFileType = folder.assetcatalog; path = Assets.xcassets; sourceTree = "<group>"; };
		5B3BCB192FAD97EC009A2991 /* Preview Assets.xcassets */ = {isa = PBXFileReference; lastKnownFileType = folder.assetcatalog; path = "Preview Assets.xcassets"; sourceTree = "<group>"; };
		5B3BCB1B2FAD97EC009A2991 /* Persistence.swift */ = {isa = PBXFileReference; lastKnownFileType = sourcecode.swift; path = Persistence.swift; sourceTree = "<group>"; };
		5B3BCB1E2FAD97EC009A2991 /* SmartFarm.xcdatamodel */ = {isa = PBXFileReference; lastKnownFileType = wrapper.xcdatamodel; path = SmartFarm.xcdatamodel; sourceTree = "<group>"; };
		5B3BCB2B2FAD97EC009A2991 /* FarmViewModel.swift */ = {isa = PBXFileReference; lastKnownFileType = sourcecode.swift; path = FarmViewModel.swift; sourceTree = "<group>"; };
		5B3BCB2C2FAD97EC009A2991 /* MainTabView.swift */ = {isa = PBXFileReference; lastKnownFileType = sourcecode.swift; path = MainTabView.swift; sourceTree = "<group>"; };
		5B3BCB2D2FAD97EC009A2991 /* DashboardView.swift */ = {isa = PBXFileReference; lastKnownFileType = sourcecode.swift; path = DashboardView.swift; sourceTree = "<group>"; };
		5B3BCB2E2FAD97EC009A2991 /* FinanceListView.swift */ = {isa = PBXFileReference; lastKnownFileType = sourcecode.swift; path = FinanceListView.swift; sourceTree = "<group>"; };
		5B3BCB2F2FAD97EC009A2991 /* CalendarTabView.swift */ = {isa = PBXFileReference; lastKnownFileType = sourcecode.swift; path = CalendarTabView.swift; sourceTree = "<group>"; };
		5B3BCB302FAD97EC009A2991 /* NotificationManager.swift */ = {isa = PBXFileReference; lastKnownFileType = sourcecode.swift; path = NotificationManager.swift; sourceTree = "<group>"; };
		5B3BCB382FAD97EC009A2991 /* SettingsView.swift */ = {isa = PBXFileReference; lastKnownFileType = sourcecode.swift; path = SettingsView.swift; sourceTree = "<group>"; };
		5B3BCB3A2FAD97EC009A2991 /* MonthlyChartView.swift */ = {isa = PBXFileReference; lastKnownFileType = sourcecode.swift; path = MonthlyChartView.swift; sourceTree = "<group>"; };
		5B3BCB3C2FAD97EC009A2991 /* ExportManager.swift */ = {isa = PBXFileReference; lastKnownFileType = sourcecode.swift; path = ExportManager.swift; sourceTree = "<group>"; };
		5B3BCB3E2FAD97EC009A2991 /* BackupManager.swift */ = {isa = PBXFileReference; lastKnownFileType = sourcecode.swift; path = BackupManager.swift; sourceTree = "<group>"; };
		5B3BCB402FAD97EC009A2991 /* DocumentPicker.swift */ = {isa = PBXFileReference; lastKnownFileType = sourcecode.swift; path = DocumentPicker.swift; sourceTree = "<group>"; };
		5B3BCB432FAD97EC009A2991 /* SplashView.swift */ = {isa = PBXFileReference; lastKnownFileType = sourcecode.swift; path = SplashView.swift; sourceTree = "<group>"; };
		5B3BCB452FAD97EC009A2991 /* OnboardingView.swift */ = {isa = PBXFileReference; lastKnownFileType = sourcecode.swift; path = OnboardingView.swift; sourceTree = "<group>"; };
/* End PBXFileReference section */

/* Begin PBXFrameworksBuildPhase section */
		5B3BCB0C2FAD97EA009A2991 /* Frameworks */ = {
			isa = PBXFrameworksBuildPhase;
			buildActionMask = 2147483647;
			files = (
			);
			runOnlyForDeploymentPostprocessing = 0;
		};
/* End PBXFrameworksBuildPhase section */

/* Begin PBXGroup section */
		5B3BCB062FAD97EA009A2991 = {
			isa = PBXGroup;
			children = (
				5B3BCB112FAD97EA009A2991 /* SmartFarm */,
				5B3BCB102FAD97EA009A2991 /* Products */,
			);
			sourceTree = "<group>";
		};
		5B3BCB102FAD97EA009A2991 /* Products */ = {
			isa = PBXGroup;
			children = (
				5B3BCB0F2FAD97EA009A2991 /* SmartFarm.app */,
			);
			name = Products;
			sourceTree = "<group>";
		};
		5B3BCB112FAD97EA009A2991 /* SmartFarm */ = {
			isa = PBXGroup;
			children = (
				5B3BCB122FAD97EA009A2991 /* SmartFarmApp.swift */,
				5B3BCB1B2FAD97EC009A2991 /* Persistence.swift */,
				5B3BCB252FAD97EC009A2991 /* ViewModels */,
				5B3BCB262FAD97EC009A2991 /* Views */,
				5B3BCB2A2FAD97EC009A2991 /* Utilities */,
				5B3BCB162FAD97EC009A2991 /* Assets.xcassets */,
				5B3BCB1D2FAD97EC009A2991 /* SmartFarm.xcdatamodeld */,
				5B3BCB182FAD97EC009A2991 /* Preview Content */,
			);
			path = SmartFarm;
			sourceTree = "<group>";
		};
		5B3BCB182FAD97EC009A2991 /* Preview Content */ = {
			isa = PBXGroup;
			children = (
				5B3BCB192FAD97EC009A2991 /* Preview Assets.xcassets */,
			);
			path = "Preview Content";
			sourceTree = "<group>";
		};
		5B3BCB252FAD97EC009A2991 /* ViewModels */ = {
			isa = PBXGroup;
			children = (
				5B3BCB2B2FAD97EC009A2991 /* FarmViewModel.swift */,
			);
			path = ViewModels;
			sourceTree = "<group>";
		};
		5B3BCB262FAD97EC009A2991 /* Views */ = {
			isa = PBXGroup;
			children = (
				5B3BCB2C2FAD97EC009A2991 /* MainTabView.swift */,
				5B3BCB422FAD97EC009A2991 /* Onboarding */,
				5B3BCB272FAD97EC009A2991 /* Dashboard */,
				5B3BCB282FAD97EC009A2991 /* Finance */,
				5B3BCB292FAD97EC009A2991 /* Calendar */,
				5B3BCB372FAD97EC009A2991 /* Settings */,
			);
			path = Views;
			sourceTree = "<group>";
		};
		5B3BCB272FAD97EC009A2991 /* Dashboard */ = {
			isa = PBXGroup;
			children = (
				5B3BCB2D2FAD97EC009A2991 /* DashboardView.swift */,
			);
			path = Dashboard;
			sourceTree = "<group>";
		};
		5B3BCB282FAD97EC009A2991 /* Finance */ = {
			isa = PBXGroup;
			children = (
				5B3BCB2E2FAD97EC009A2991 /* FinanceListView.swift */,
				5B3BCB3A2FAD97EC009A2991 /* MonthlyChartView.swift */,
			);
			path = Finance;
			sourceTree = "<group>";
		};
		5B3BCB292FAD97EC009A2991 /* Calendar */ = {
			isa = PBXGroup;
			children = (
				5B3BCB2F2FAD97EC009A2991 /* CalendarTabView.swift */,
			);
			path = Calendar;
			sourceTree = "<group>";
		};
		5B3BCB2A2FAD97EC009A2991 /* Utilities */ = {
			isa = PBXGroup;
			children = (
				5B3BCB302FAD97EC009A2991 /* NotificationManager.swift */,
				5B3BCB3C2FAD97EC009A2991 /* ExportManager.swift */,
				5B3BCB3E2FAD97EC009A2991 /* BackupManager.swift */,
				5B3BCB402FAD97EC009A2991 /* DocumentPicker.swift */,
			);
			path = Utilities;
			sourceTree = "<group>";
		};
		5B3BCB372FAD97EC009A2991 /* Settings */ = {
			isa = PBXGroup;
			children = (
				5B3BCB382FAD97EC009A2991 /* SettingsView.swift */,
			);
			path = Settings;
			sourceTree = "<group>";
		};
		5B3BCB422FAD97EC009A2991 /* Onboarding */ = {
			isa = PBXGroup;
			children = (
				5B3BCB432FAD97EC009A2991 /* SplashView.swift */,
				5B3BCB452FAD97EC009A2991 /* OnboardingView.swift */,
			);
			path = Onboarding;
			sourceTree = "<group>";
		};
/* End PBXGroup section */

/* Begin PBXNativeTarget section */
		5B3BCB0E2FAD97EA009A2991 /* SmartFarm */ = {
			isa = PBXNativeTarget;
			buildConfigurationList = 5B3BCB222FAD97EC009A2991 /* Build configuration list for PBXNativeTarget "SmartFarm" */;
			buildPhases = (
				5B3BCB0B2FAD97EA009A2991 /* Sources */,
				5B3BCB0C2FAD97EA009A2991 /* Frameworks */,
				5B3BCB0D2FAD97EA009A2991 /* Resources */,
			);
			buildRules = (
			);
			dependencies = (
			);
			name = SmartFarm;
			productName = SmartFarm;
			productReference = 5B3BCB0F2FAD97EA009A2991 /* SmartFarm.app */;
			productType = "com.apple.product-type.application";
		};
/* End PBXNativeTarget section */

/* Begin PBXProject section */
		5B3BCB072FAD97EA009A2991 /* Project object */ = {
			isa = PBXProject;
			attributes = {
				BuildIndependentTargetsInParallel = 1;
				LastSwiftUpdateCheck = 1320;
				LastUpgradeCheck = 1320;
				TargetAttributes = {
					5B3BCB0E2FAD97EA009A2991 = {
						CreatedOnToolsVersion = 13.2.1;
					};
				};
			};
			buildConfigurationList = 5B3BCB0A2FAD97EA009A2991 /* Build configuration list for PBXProject "SmartFarm" */;
			compatibilityVersion = "Xcode 13.0";
			developmentRegion = en;
			hasScannedForEncodings = 0;
			knownRegions = (
				en,
				Base,
			);
			mainGroup = 5B3BCB062FAD97EA009A2991;
			productRefGroup = 5B3BCB102FAD97EA009A2991 /* Products */;
			projectDirPath = "";
			projectRoot = "";
			targets = (
				5B3BCB0E2FAD97EA009A2991 /* SmartFarm */,
			);
		};
/* End PBXProject section */

/* Begin PBXResourcesBuildPhase section */
		5B3BCB0D2FAD97EA009A2991 /* Resources */ = {
			isa = PBXResourcesBuildPhase;
			buildActionMask = 2147483647;
			files = (
				5B3BCB1A2FAD97EC009A2991 /* Preview Assets.xcassets in Resources */,
				5B3BCB172FAD97EC009A2991 /* Assets.xcassets in Resources */,
			);
			runOnlyForDeploymentPostprocessing = 0;
		};
/* End PBXResourcesBuildPhase section */

/* Begin PBXSourcesBuildPhase section */
		5B3BCB0B2FAD97EA009A2991 /* Sources */ = {
			isa = PBXSourcesBuildPhase;
			buildActionMask = 2147483647;
			files = (
				5B3BCB1C2FAD97EC009A2991 /* Persistence.swift in Sources */,
				5B3BCB132FAD97EA009A2991 /* SmartFarmApp.swift in Sources */,
				5B3BCB1F2FAD97EC009A2991 /* SmartFarm.xcdatamodeld in Sources */,
				5B3BCB312FAD97EC009A2991 /* FarmViewModel.swift in Sources */,
				5B3BCB322FAD97EC009A2991 /* MainTabView.swift in Sources */,
				5B3BCB332FAD97EC009A2991 /* DashboardView.swift in Sources */,
				5B3BCB342FAD97EC009A2991 /* FinanceListView.swift in Sources */,
				5B3BCB352FAD97EC009A2991 /* CalendarTabView.swift in Sources */,
				5B3BCB362FAD97EC009A2991 /* NotificationManager.swift in Sources */,
				5B3BCB392FAD97EC009A2991 /* SettingsView.swift in Sources */,
				5B3BCB3B2FAD97EC009A2991 /* MonthlyChartView.swift in Sources */,
				5B3BCB3D2FAD97EC009A2991 /* ExportManager.swift in Sources */,
				5B3BCB3F2FAD97EC009A2991 /* BackupManager.swift in Sources */,
				5B3BCB412FAD97EC009A2991 /* DocumentPicker.swift in Sources */,
				5B3BCB442FAD97EC009A2991 /* SplashView.swift in Sources */,
				5B3BCB462FAD97EC009A2991 /* OnboardingView.swift in Sources */,
			);
			runOnlyForDeploymentPostprocessing = 0;
		};
/* End PBXSourcesBuildPhase section */

/* Begin XCBuildConfiguration section */
		5B3BCB202FAD97EC009A2991 /* Debug */ = {
			isa = XCBuildConfiguration;
			buildSettings = {
				ALWAYS_SEARCH_USER_PATHS = NO;
				CLANG_ANALYZER_NONNULL = YES;
				CLANG_ANALYZER_NUMBER_OBJECT_CONVERSION = YES_AGGRESSIVE;
				CLANG_CXX_LANGUAGE_STANDARD = "gnu++17";
				CLANG_CXX_LIBRARY = "libc++";
				CLANG_ENABLE_MODULES = YES;
				CLANG_ENABLE_OBJC_ARC = YES;
				CLANG_ENABLE_OBJC_WEAK = YES;
				CLANG_WARN_BLOCK_CAPTURE_AUTORELEASING = YES;
				CLANG_WARN_BOOL_CONVERSION = YES;
				CLANG_WARN_COMMA = YES;
				CLANG_WARN_CONSTANT_CONVERSION = YES;
				CLANG_WARN_DEPRECATED_OBJC_IMPLEMENTATIONS = YES;
				CLANG_WARN_DIRECT_OBJC_ISA_USAGE = YES_ERROR;
				CLANG_WARN_DOCUMENTATION_COMMENTS = YES;
				CLANG_WARN_EMPTY_BODY = YES;
				CLANG_WARN_ENUM_CONVERSION = YES;
				CLANG_WARN_INFINITE_RECURSION = YES;
				CLANG_WARN_INT_CONVERSION = YES;
				CLANG_WARN_NON_LITERAL_NULL_CONVERSION = YES;
				CLANG_WARN_OBJC_IMPLICIT_RETAIN_SELF = YES;
				CLANG_WARN_OBJC_LITERAL_CONVERSION = YES;
				CLANG_WARN_OBJC_ROOT_CLASS = YES_ERROR;
				CLANG_WARN_QUOTED_INCLUDE_IN_FRAMEWORK_HEADER = YES;
				CLANG_WARN_RANGE_LOOP_ANALYSIS = YES;
				CLANG_WARN_STRICT_PROTOTYPES = YES;
				CLANG_WARN_SUSPICIOUS_MOVE = YES;
				CLANG_WARN_UNGUARDED_AVAILABILITY = YES_AGGRESSIVE;
				CLANG_WARN_UNREACHABLE_CODE = YES;
				CLANG_WARN__DUPLICATE_METHOD_MATCH = YES;
				COPY_PHASE_STRIP = NO;
				DEBUG_INFORMATION_FORMAT = dwarf;
				ENABLE_STRICT_OBJC_MSGSEND = YES;
				ENABLE_TESTABILITY = YES;
				GCC_C_LANGUAGE_STANDARD = gnu11;
				GCC_DYNAMIC_NO_PIC = NO;
				GCC_NO_COMMON_BLOCKS = YES;
				GCC_OPTIMIZATION_LEVEL = 0;
				GCC_PREPROCESSOR_DEFINITIONS = (
					"DEBUG=1",
					"$(inherited)",
				);
				GCC_WARN_64_TO_32_BIT_CONVERSION = YES;
				GCC_WARN_ABOUT_RETURN_TYPE = YES_ERROR;
				GCC_WARN_UNDECLARED_SELECTOR = YES;
				GCC_WARN_UNINITIALIZED_AUTOS = YES_AGGRESSIVE;
				GCC_WARN_UNUSED_FUNCTION = YES;
				GCC_WARN_UNUSED_VARIABLE = YES;
				IPHONEOS_DEPLOYMENT_TARGET = 14.0;
				MTL_ENABLE_DEBUG_INFO = INCLUDE_SOURCE;
				MTL_FAST_MATH = YES;
				ONLY_ACTIVE_ARCH = YES;
				SDKROOT = iphoneos;
				SWIFT_ACTIVE_COMPILATION_CONDITIONS = DEBUG;
				SWIFT_OPTIMIZATION_LEVEL = "-Onone";
			};
			name = Debug;
		};
		5B3BCB212FAD97EC009A2991 /* Release */ = {
			isa = XCBuildConfiguration;
			buildSettings = {
				ALWAYS_SEARCH_USER_PATHS = NO;
				CLANG_ANALYZER_NONNULL = YES;
				CLANG_ANALYZER_NUMBER_OBJECT_CONVERSION = YES_AGGRESSIVE;
				CLANG_CXX_LANGUAGE_STANDARD = "gnu++17";
				CLANG_CXX_LIBRARY = "libc++";
				CLANG_ENABLE_MODULES = YES;
				CLANG_ENABLE_OBJC_ARC = YES;
				CLANG_ENABLE_OBJC_WEAK = YES;
				CLANG_WARN_BLOCK_CAPTURE_AUTORELEASING = YES;
				CLANG_WARN_BOOL_CONVERSION = YES;
				CLANG_WARN_COMMA = YES;
				CLANG_WARN_CONSTANT_CONVERSION = YES;
				CLANG_WARN_DEPRECATED_OBJC_IMPLEMENTATIONS = YES;
				CLANG_WARN_DIRECT_OBJC_ISA_USAGE = YES_ERROR;
				CLANG_WARN_DOCUMENTATION_COMMENTS = YES;
				CLANG_WARN_EMPTY_BODY = YES;
				CLANG_WARN_ENUM_CONVERSION = YES;
				CLANG_WARN_INFINITE_RECURSION = YES;
				CLANG_WARN_INT_CONVERSION = YES;
				CLANG_WARN_NON_LITERAL_NULL_CONVERSION = YES;
				CLANG_WARN_OBJC_IMPLICIT_RETAIN_SELF = YES;
				CLANG_WARN_OBJC_LITERAL_CONVERSION = YES;
				CLANG_WARN_OBJC_ROOT_CLASS = YES_ERROR;
				CLANG_WARN_QUOTED_INCLUDE_IN_FRAMEWORK_HEADER = YES;
				CLANG_WARN_RANGE_LOOP_ANALYSIS = YES;
				CLANG_WARN_STRICT_PROTOTYPES = YES;
				CLANG_WARN_SUSPICIOUS_MOVE = YES;
				CLANG_WARN_UNGUARDED_AVAILABILITY = YES_AGGRESSIVE;
				CLANG_WARN_UNREACHABLE_CODE = YES;
				CLANG_WARN__DUPLICATE_METHOD_MATCH = YES;
				COPY_PHASE_STRIP = NO;
				DEBUG_INFORMATION_FORMAT = "dwarf-with-dsym";
				ENABLE_NS_ASSERTIONS = NO;
				ENABLE_STRICT_OBJC_MSGSEND = YES;
				GCC_C_LANGUAGE_STANDARD = gnu11;
				GCC_NO_COMMON_BLOCKS = YES;
				GCC_WARN_64_TO_32_BIT_CONVERSION = YES;
				GCC_WARN_ABOUT_RETURN_TYPE = YES_ERROR;
				GCC_WARN_UNDECLARED_SELECTOR = YES;
				GCC_WARN_UNINITIALIZED_AUTOS = YES_AGGRESSIVE;
				GCC_WARN_UNUSED_FUNCTION = YES;
				GCC_WARN_UNUSED_VARIABLE = YES;
				IPHONEOS_DEPLOYMENT_TARGET = 14.0;
				MTL_ENABLE_DEBUG_INFO = NO;
				MTL_FAST_MATH = YES;
				SDKROOT = iphoneos;
				SWIFT_COMPILATION_MODE = wholemodule;
				SWIFT_OPTIMIZATION_LEVEL = "-O";
				VALIDATE_PRODUCT = YES;
			};
			name = Release;
		};
		5B3BCB232FAD97EC009A2991 /* Debug */ = {
			isa = XCBuildConfiguration;
			buildSettings = {
				ASSETCATALOG_COMPILER_APPICON_NAME = AppIcon;
				ASSETCATALOG_COMPILER_GLOBAL_ACCENT_COLOR_NAME = AccentColor;
				CODE_SIGN_STYLE = Automatic;
				CURRENT_PROJECT_VERSION = 1.0.0;
				DEVELOPMENT_ASSET_PATHS = "\"SmartFarm/Preview Content\"";
				DEVELOPMENT_TEAM = PBJ22NG3WU;
				ENABLE_PREVIEWS = YES;
				GENERATE_INFOPLIST_FILE = YES;
				INFOPLIST_KEY_UIApplicationSceneManifest_Generation = YES;
				INFOPLIST_KEY_UIApplicationSupportsIndirectInputEvents = YES;
				INFOPLIST_KEY_UILaunchScreen_Generation = YES;
				INFOPLIST_KEY_UISupportedInterfaceOrientations_iPad = "UIInterfaceOrientationPortrait UIInterfaceOrientationPortraitUpsideDown UIInterfaceOrientationLandscapeLeft UIInterfaceOrientationLandscapeRight";
				INFOPLIST_KEY_UISupportedInterfaceOrientations_iPhone = "UIInterfaceOrientationPortrait UIInterfaceOrientationLandscapeLeft UIInterfaceOrientationLandscapeRight";
				IPHONEOS_DEPLOYMENT_TARGET = 15.0;
				LD_RUNPATH_SEARCH_PATHS = (
					"$(inherited)",
					"@executable_path/Frameworks",
				);
				MARKETING_VERSION = 1.0.0;
				PRODUCT_BUNDLE_IDENTIFIER = smartfarm.com;
				PRODUCT_NAME = "$(TARGET_NAME)";
				SWIFT_EMIT_LOC_STRINGS = YES;
				SWIFT_VERSION = 5.0;
				TARGETED_DEVICE_FAMILY = "1,2";
			};
			name = Debug;
		};
		5B3BCB242FAD97EC009A2991 /* Release */ = {
			isa = XCBuildConfiguration;
			buildSettings = {
				ASSETCATALOG_COMPILER_APPICON_NAME = AppIcon;
				ASSETCATALOG_COMPILER_GLOBAL_ACCENT_COLOR_NAME = AccentColor;
				CODE_SIGN_STYLE = Automatic;
				CURRENT_PROJECT_VERSION = 1.0.0;
				DEVELOPMENT_ASSET_PATHS = "\"SmartFarm/Preview Content\"";
				DEVELOPMENT_TEAM = PBJ22NG3WU;
				ENABLE_PREVIEWS = YES;
				GENERATE_INFOPLIST_FILE = YES;
				INFOPLIST_KEY_UIApplicationSceneManifest_Generation = YES;
				INFOPLIST_KEY_UIApplicationSupportsIndirectInputEvents = YES;
				INFOPLIST_KEY_UILaunchScreen_Generation = YES;
				INFOPLIST_KEY_UISupportedInterfaceOrientations_iPad = "UIInterfaceOrientationPortrait UIInterfaceOrientationPortraitUpsideDown UIInterfaceOrientationLandscapeLeft UIInterfaceOrientationLandscapeRight";
				INFOPLIST_KEY_UISupportedInterfaceOrientations_iPhone = "UIInterfaceOrientationPortrait UIInterfaceOrientationLandscapeLeft UIInterfaceOrientationLandscapeRight";
				IPHONEOS_DEPLOYMENT_TARGET = 15.0;
				LD_RUNPATH_SEARCH_PATHS = (
					"$(inherited)",
					"@executable_path/Frameworks",
				);
				MARKETING_VERSION = 1.0.0;
				PRODUCT_BUNDLE_IDENTIFIER = smartfarm.com;
				PRODUCT_NAME = "$(TARGET_NAME)";
				SWIFT_EMIT_LOC_STRINGS = YES;
				SWIFT_VERSION = 5.0;
				TARGETED_DEVICE_FAMILY = "1,2";
			};
			name = Release;
		};
/* End XCBuildConfiguration section */

/* Begin XCConfigurationList section */
		5B3BCB0A2FAD97EA009A2991 /* Build configuration list for PBXProject "SmartFarm" */ = {
			isa = XCConfigurationList;
			buildConfigurations = (
				5B3BCB202FAD97EC009A2991 /* Debug */,
				5B3BCB212FAD97EC009A2991 /* Release */,
			);
			defaultConfigurationIsVisible = 0;
			defaultConfigurationName = Release;
		};
		5B3BCB222FAD97EC009A2991 /* Build configuration list for PBXNativeTarget "SmartFarm" */ = {
			isa = XCConfigurationList;
			buildConfigurations = (
				5B3BCB232FAD97EC009A2991 /* Debug */,
				5B3BCB242FAD97EC009A2991 /* Release */,
			);
			defaultConfigurationIsVisible = 0;
			defaultConfigurationName = Release;
		};
/* End XCConfigurationList section */

/* Begin XCVersionGroup section */
		5B3BCB1D2FAD97EC009A2991 /* SmartFarm.xcdatamodeld */ = {
			isa = XCVersionGroup;
			children = (
				5B3BCB1E2FAD97EC009A2991 /* SmartFarm.xcdatamodel */,
			);
			currentVersion = 5B3BCB1E2FAD97EC009A2991 /* SmartFarm.xcdatamodel */;
			path = SmartFarm.xcdatamodeld;
			sourceTree = "<group>";
			versionGroupType = wrapper.xcdatamodel;
		};
/* End XCVersionGroup section */
	};
	rootObject = 5B3BCB072FAD97EA009A2991 /* Project object */;
}
